// !$*UTF8*$!
{
	archiveVersion = 1;
	classes = {
	};
	objectVersion = 48;
	objects = {

/* Begin PBXBuildFile section */
		3F0F71841F84356D003D8711 /* ThreeViewController.swift in Sources */ = {isa = PBXBuildFile; fileRef = 3F0F71831F84356D003D8711 /* ThreeViewController.swift */; };
		3F91AB8A1F8286E70011A72F /* OneOneViewController.swift in Sources */ = {isa = PBXBuildFile; fileRef = 3F91AB891F8286E70011A72F /* OneOneViewController.swift */; };
		3F91AB8C1F8288550011A72F /* OneViewController.swift in Sources */ = {isa = PBXBuildFile; fileRef = 3F91AB8B1F8288550011A72F /* OneViewController.swift */; };
		3FD88F291F7BE8D100CAE546 /* AppDelegate.swift in Sources */ = {isa = PBXBuildFile; fileRef = 3FD88F281F7BE8D100CAE546 /* AppDelegate.swift */; };
		3FD88F2B1F7BE8D100CAE546 /* ViewController.swift in Sources */ = {isa = PBXBuildFile; fileRef = 3FD88F2A1F7BE8D100CAE546 /* ViewController.swift */; };
		3FD88F2E1F7BE8D100CAE546 /* Main.storyboard in Resources */ = {isa = PBXBuildFile; fileRef = 3FD88F2C1F7BE8D100CAE546 /* Main.storyboard */; };
		3FD88F301F7BE8D100CAE546 /* Assets.xcassets in Resources */ = {isa = PBXBuildFile; fileRef = 3FD88F2F1F7BE8D100CAE546 /* Assets.xcassets */; };
		3FD88F331F7BE8D100CAE546 /* LaunchScreen.storyboard in Resources */ = {isa = PBXBuildFile; fileRef = 3FD88F311F7BE8D100CAE546 /* LaunchScreen.storyboard */; };
/* End PBXBuildFile section */

/* Begin PBXFileReference section */
		3F0F71831F84356D003D8711 /* ThreeViewController.swift */ = {isa = PBXFileReference; lastKnownFileType = sourcecode.swift; path = ThreeViewController.swift; sourceTree = "<group>"; };
		3F91AB891F8286E70011A72F /* OneOneViewController.swift */ = {isa = PBXFileReference; lastKnownFileType = sourcecode.swift; path = OneOneViewController.swift; sourceTree = "<group>"; };
		3F91AB8B1F8288550011A72F /* OneViewController.swift */ = {isa = PBXFileReference; lastKnownFileType = sourcecode.swift; path = OneViewController.swift; sourceTree = "<group>"; };
		3FD88F251F7BE8D000CAE546 /* UI Sample Demo.app */ = {isa = PBXFileReference; explicitFileType = wrapper.application; includeInIndex = 0; path = "UI Sample Demo.app"; sourceTree = BUILT_PRODUCTS_DIR; };
		3FD88F281F7BE8D100CAE546 /* AppDelegate.swift */ = {isa = PBXFileReference; lastKnownFileType = sourcecode.swift; path = AppDelegate.swift; sourceTree = "<group>"; };
		3FD88F2A1F7BE8D100CAE546 /* ViewController.swift */ = {isa = PBXFileReference; lastKnownFileType = sourcecode.swift; path = ViewController.swift; sourceTree = "<group>"; };
		3FD88F2D1F7BE8D100CAE546 /* Base */ = {isa = PBXFileReference; lastKnownFileType = file.storyboard; name = Base; path = Base.lproj/Main.storyboard; sourceTree = "<group>"; };
		3FD88F2F1F7BE8D100CAE546 /* Assets.xcassets */ = {isa = PBXFileReference; lastKnownFileType = folder.assetcatalog; path = Assets.xcassets; sourceTree = "<group>"; };
		3FD88F321F7BE8D100CAE546 /* Base */ = {isa = PBXFileReference; lastKnownFileType = file.storyboard; name = Base; path = Base.lproj/LaunchScreen.storyboard; sourceTree = "<group>"; };
		3FD88F341F7BE8D100CAE546 /* Info.plist */ = {isa = PBXFileReference; lastKnownFileType = text.plist.xml; path = Info.plist; sourceTree = "<group>"; };
/* End PBXFileReference section */

/* Begin PBXFrameworksBuildPhase section */
		3FD88F221F7BE8D000CAE546 /* Frameworks */ = {
			isa = PBXFrameworksBuildPhase;
			buildActionMask = 2147483647;
			files = (
			);
			runOnlyForDeploymentPostprocessing = 0;
		};
/* End PBXFrameworksBuildPhase section */

/* Begin PBXGroup section */
		3FD88F1C1F7BE8D000CAE546 = {
			isa = PBXGroup;
			children = (
				3FD88F271F7BE8D000CAE546 /* UI Sample Demo */,
				3FD88F261F7BE8D000CAE546 /* Products */,
			);
			sourceTree = "<group>";
		};
		3FD88F261F7BE8D000CAE546 /* Products */ = {
			isa = PBXGroup;
			children = (
				3FD88F251F7BE8D000CAE546 /* UI Sample Demo.app */,
			);
			name = Products;
			sourceTree = "<group>";
		};
		3FD88F271F7BE8D000CAE546 /* UI Sample Demo */ = {
			isa = PBXGroup;
			children = (
				3FD88F281F7BE8D100CAE546 /* AppDelegate.swift */,
				3FD88F2A1F7BE8D100CAE546 /* ViewController.swift */,
				3F91AB891F8286E70011A72F /* OneOneViewController.swift */,
				3F91AB8B1F8288550011A72F /* OneViewController.swift */,
				3F0F71831F84356D003D8711 /* ThreeViewController.swift */,
				3FD88F2C1F7BE8D100CAE546 /* Main.storyboard */,
				3FD88F2F1F7BE8D100CAE546 /* Assets.xcassets */,
				3FD88F311F7BE8D100CAE546 /* LaunchScreen.storyboard */,
				3FD88F341F7BE8D100CAE546 /* Info.plist */,
			);
			path = "UI Sample Demo";
			sourceTree = "<group>";
		};
/* End PBXGroup section */

/* Begin PBXNativeTarget section */
		3FD88F241F7BE8D000CAE546 /* UI Sample Demo */ = {
			isa = PBXNativeTarget;
			buildConfigurationList = 3FD88F371F7BE8D100CAE546 /* Build configuration list for PBXNativeTarget "UI Sample Demo" */;
			buildPhases = (
				3FD88F211F7BE8D000CAE546 /* Sources */,
				3FD88F221F7BE8D000CAE546 /* Frameworks */,
				3FD88F231F7BE8D000CAE546 /* Resources */,
			);
			buildRules = (
			);
			dependencies = (
			);
			name = "UI Sample Demo";
			productName = "UI Sample Demo";
			productReference = 3FD88F251F7BE8D000CAE546 /* UI Sample Demo.app */;
			productType = "com.apple.product-type.application";
		};
/* End PBXNativeTarget section */

/* Begin PBXProject section */
		3FD88F1D1F7BE8D000CAE546 /* Project object */ = {
			isa = PBXProject;
			attributes = {
				LastSwiftUpdateCheck = 0900;
				LastUpgradeCheck = 0900;
				ORGANIZATIONNAME = "Steve Liddle";
				TargetAttributes = {
					3FD88F241F7BE8D000CAE546 = {
						CreatedOnToolsVersion = 9.0;
						ProvisioningStyle = Automatic;
					};
				};
			};
			buildConfigurationList = 3FD88F201F7BE8D000CAE546 /* Build configuration list for PBXProject "UI Sample Demo" */;
			compatibilityVersion = "Xcode 8.0";
			developmentRegion = en;
			hasScannedForEncodings = 0;
			knownRegions = (
				en,
				Base,
			);
			mainGroup = 3FD88F1C1F7BE8D000CAE546;
			productRefGroup = 3FD88F261F7BE8D000CAE546 /* Products */;
			projectDirPath = "";
			projectRoot = "";
			targets = (
				3FD88F241F7BE8D000CAE546 /* UI Sample Demo */,
			);
		};
/* End PBXProject section */

/* Begin PBXResourcesBuildPhase section */
		3FD88F231F7BE8D000CAE546 /* Resources */ = {
			isa = PBXResourcesBuildPhase;
			buildActionMask = 2147483647;
			files = (
				3FD88F331F7BE8D100CAE546 /* LaunchScreen.storyboard in Resources */,
				3FD88F301F7BE8D100CAE546 /* Assets.xcassets in Resources */,
				3FD88F2E1F7BE8D100CAE546 /* Main.storyboard in Resources */,
			);
			runOnlyForDeploymentPostprocessing = 0;
		};
/* End PBXResourcesBuildPhase section */

/* Begin PBXSourcesBuildPhase section */
		3FD88F211F7BE8D000CAE546 /* Sources */ = {
			isa = PBXSourcesBuildPhase;
			buildActionMask = 2147483647;
			files = (
				3F91AB8A1F8286E70011A72F /* OneOneViewController.swift in Sources */,
				3FD88F2B1F7BE8D100CAE546 /* ViewController.swift in Sources */,
				3FD88F291F7BE8D100CAE546 /* AppDelegate.swift in Sources */,
				3F91AB8C1F8288550011A72F /* OneViewController.swift in Sources */,
				3F0F71841F84356D003D8711 /* ThreeViewController.swift in Sources */,
			);
			runOnlyForDeploymentPostprocessing = 0;
		};
/* End PBXSourcesBuildPhase section */

/* Begin PBXVariantGroup section */
		3FD88F2C1F7BE8D100CAE546 /* Main.storyboard */ = {
			isa = PBXVariantGroup;
			children = (
				3FD88F2D1F7BE8D100CAE546 /* Base */,
			);
			name = Main.storyboard;
			sourceTree = "<group>";
		};
		3FD88F311F7BE8D100CAE546 /* LaunchScreen.storyboard */ = {
			isa = PBXVariantGroup;
			children = (
				3FD88F321F7BE8D100CAE546 /* Base */,
			);
			name = LaunchScreen.storyboard;
			sourceTree = "<group>";
		};
/* End PBXVariantGroup section */

/* Begin XCBuildConfiguration section */
		3FD88F351F7BE8D100CAE546 /* Debug */ = {
			isa = XCBuildConfiguration;
			buildSettings = {
				ALWAYS_SEARCH_USER_PATHS = NO;
				CLANG_ANALYZER_NONNULL = YES;
				CLANG_ANALYZER_NUMBER_OBJECT_CONVERSION = YES_AGGRESSIVE;
				CLANG_CXX_LANGUAGE_STANDARD = "gnu++14";
				CLANG_CXX_LIBRARY = "libc++";
				CLANG_ENABLE_MODULES = YES;
				CLANG_ENABLE_OBJC_ARC = YES;
				CLANG_WARN_BLOCK_CAPTURE_AUTORELEASING = YES;
				CLANG_WARN_BOOL_CONVERSION = YES;
				CLANG_WARN_COMMA = YES;
				CLANG_WARN_CONSTANT_CONVERSION = YES;
				CLANG_WARN_DIRECT_OBJC_ISA_USAGE = YES_ERROR;
				CLANG_WARN_DOCUMENTATION_COMMENTS = YES;
				CLANG_WARN_EMPTY_BODY = YES;
				CLANG_WARN_ENUM_CONVERSION = YES;
				CLANG_WARN_INFINITE_RECURSION = YES;
				CLANG_WARN_INT_CONVERSION = YES;
				CLANG_WARN_NON_LITERAL_NULL_CONVERSION = YES;
				CLANG_WARN_OBJC_LITERAL_CONVERSION = YES;
				CLANG_WARN_OBJC_ROOT_CLASS = YES_ERROR;
				CLANG_WARN_RANGE_LOOP_ANALYSIS = YES;
				CLANG_WARN_STRICT_PROTOTYPES = YES;
				CLANG_WARN_SUSPICIOUS_MOVE = YES;
				CLANG_WARN_UNGUARDED_AVAILABILITY = YES_AGGRESSIVE;
				CLANG_WARN_UNREACHABLE_CODE = YES;
				CLANG_WARN__DUPLICATE_METHOD_MATCH = YES;
				CODE_SIGN_IDENTITY = "iPhone Developer";
				COPY_PHASE_STRIP = NO;
				DEBUG_INFORMATION_FORMAT = dwarf;
				ENABLE_STRICT_OBJC_MSGSEND = YES;
				ENABLE_TESTABILITY = YES;
				GCC_C_LANGUAGE_STANDARD = gnu11;
				GCC_DYNAMIC_NO_PIC = NO;
				GCC_NO_COMMON_BLOCKS = YES;
				GCC_OPTIMIZATION_LEVEL = 0;
				GCC_PREPROCESSOR_DEFINITIONS = (
					"DEBUG=1",
					"$(inherited)",
				);
				GCC_WARN_64_TO_32_BIT_CONVERSION = YES;
				GCC_WARN_ABOUT_RETURN_TYPE = YES_ERROR;
				GCC_WARN_UNDECLARED_SELECTOR = YES;
				GCC_WARN_UNINITIALIZED_AUTOS = YES_AGGRESSIVE;
				GCC_WARN_UNUSED_FUNCTION = YES;
				GCC_WARN_UNUSED_VARIABLE = YES;
				IPHONEOS_DEPLOYMENT_TARGET = 11.0;
				MTL_ENABLE_DEBUG_INFO = YES;
				ONLY_ACTIVE_ARCH = YES;
				SDKROOT = iphoneos;
				SWIFT_ACTIVE_COMPILATION_CONDITIONS = DEBUG;
				SWIFT_OPTIMIZATION_LEVEL = "-Onone";
			};
			name = Debug;
		};
		3FD88F361F7BE8D100CAE546 /* Release */ = {
			isa = XCBuildConfiguration;
			buildSettings = {
				ALWAYS_SEARCH_USER_PATHS = NO;
				CLANG_ANALYZER_NONNULL = YES;
				CLANG_ANALYZER_NUMBER_OBJECT_CONVERSION = YES_AGGRESSIVE;
				CLANG_CXX_LANGUAGE_STANDARD = "gnu++14";
				CLANG_CXX_LIBRARY = "libc++";
				CLANG_ENABLE_MODULES = YES;
				CLANG_ENABLE_OBJC_ARC = YES;
				CLANG_WARN_BLOCK_CAPTURE_AUTORELEASING = YES;
				CLANG_WARN_BOOL_CONVERSION = YES;
				CLANG_WARN_COMMA = YES;
				CLANG_WARN_CONSTANT_CONVERSION = YES;
				CLANG_WARN_DIRECT_OBJC_ISA_USAGE = YES_ERROR;
				CLANG_WARN_DOCUMENTATION_COMMENTS = YES;
				CLANG_WARN_EMPTY_BODY = YES;
				CLANG_WARN_ENUM_CONVERSION = YES;
				CLANG_WARN_INFINITE_RECURSION = YES;
				CLANG_WARN_INT_CONVERSION = YES;
				CLANG_WARN_NON_LITERAL_NULL_CONVERSION = YES;
				CLANG_WARN_OBJC_LITERAL_CONVERSION = YES;
				CLANG_WARN_OBJC_ROOT_CLASS = YES_ERROR;
				CLANG_WARN_RANGE_LOOP_ANALYSIS = YES;
				CLANG_WARN_STRICT_PROTOTYPES = YES;
				CLANG_WARN_SUSPICIOUS_MOVE = YES;
				CLANG_WARN_UNGUARDED_AVAILABILITY = YES_AGGRESSIVE;
				CLANG_WARN_UNREACHABLE_CODE = YES;
				CLANG_WARN__DUPLICATE_METHOD_MATCH = YES;
				CODE_SIGN_IDENTITY = "iPhone Developer";
				COPY_PHASE_STRIP = NO;
				DEBUG_INFORMATION_FORMAT = "dwarf-with-dsym";
				ENABLE_NS_ASSERTIONS = NO;
				ENABLE_STRICT_OBJC_MSGSEND = YES;
				GCC_C_LANGUAGE_STANDARD = gnu11;
				GCC_NO_COMMON_BLOCKS = YES;
				GCC_WARN_64_TO_32_BIT_CONVERSION = YES;
				GCC_WARN_ABOUT_RETURN_TYPE = YES_ERROR;
				GCC_WARN_UNDECLARED_SELECTOR = YES;
				GCC_WARN_UNINITIALIZED_AUTOS = YES_AGGRESSIVE;
				GCC_WARN_UNUSED_FUNCTION = YES;
				GCC_WARN_UNUSED_VARIABLE = YES;
				IPHONEOS_DEPLOYMENT_TARGET = 11.0;
				MTL_ENABLE_DEBUG_INFO = NO;
				SDKROOT = iphoneos;
				SWIFT_OPTIMIZATION_LEVEL = "-Owholemodule";
				VALIDATE_PRODUCT = YES;
			};
			name = Release;
		};
		3FD88F381F7BE8D100CAE546 /* Debug */ = {
			isa = XCBuildConfiguration;
			buildSettings = {
				ASSETCATALOG_COMPILER_APPICON_NAME = AppIcon;
				CODE_SIGN_STYLE = Automatic;
				DEVELOPMENT_TEAM = KFPSLPBU25;
				INFOPLIST_FILE = "UI Sample Demo/Info.plist";
				LD_RUNPATH_SEARCH_PATHS = "$(inherited) @executable_path/Frameworks";
				PRODUCT_BUNDLE_IDENTIFIER = "edu.byu.cet.UI-Sample-Demo";
				PRODUCT_NAME = "$(TARGET_NAME)";
				SWIFT_VERSION = 4.0;
				TARGETED_DEVICE_FAMILY = "1,2";
			};
			name = Debug;
		};
		3FD88F391F7BE8D100CAE546 /* Release */ = {
			isa = XCBuildConfiguration;
			buildSettings = {
				ASSETCATALOG_COMPILER_APPICON_NAME = AppIcon;
				CODE_SIGN_STYLE = Automatic;
				DEVELOPMENT_TEAM = KFPSLPBU25;
				INFOPLIST_FILE = "UI Sample Demo/Info.plist";
				LD_RUNPATH_SEARCH_PATHS = "$(inherited) @executable_path/Frameworks";
				PRODUCT_BUNDLE_IDENTIFIER = "edu.byu.cet.UI-Sample-Demo";
				PRODUCT_NAME = "$(TARGET_NAME)";
				SWIFT_VERSION = 4.0;
				TARGETED_DEVICE_FAMILY = "1,2";
			};
			name = Release;
		};
/* End XCBuildConfiguration section */

/* Begin XCConfigurationList section */
		3FD88F201F7BE8D000CAE546 /* Build configuration list for PBXProject "UI Sample Demo" */ = {
			isa = XCConfigurationList;
			buildConfigurations = (
				3FD88F351F7BE8D100CAE546 /* Debug */,
				3FD88F361F7BE8D100CAE546 /* Release */,
			);
			defaultConfigurationIsVisible = 0;
			defaultConfigurationName = Release;
		};
		3FD88F371F7BE8D100CAE546 /* Build configuration list for PBXNativeTarget "UI Sample Demo" */ = {
			isa = XCConfigurationList;
			buildConfigurations = (
				3FD88F381F7BE8D100CAE546 /* Debug */,
				3FD88F391F7BE8D100CAE546 /* Release */,
			);
			defaultConfigurationIsVisible = 0;
			defaultConfigurationName = Release;
		};
/* End XCConfigurationList section */
	};
	rootObject = 3FD88F1D1F7BE8D000CAE546 /* Project object */;
}
